// !$*UTF8*$!
{
	archiveVersion = 1;
	classes = {
	};
	objectVersion = 56;
	objects = {

/* Begin PBXBuildFile section */
		5EC5929A2AD12B9F00842781 /* AppDelegate.swift in Sources */ = {isa = PBXBuildFile; fileRef = 5EC592992AD12B9F00842781 /* AppDelegate.swift */; };
		5EC5929C2AD12B9F00842781 /* SceneDelegate.swift in Sources */ = {isa = PBXBuildFile; fileRef = 5EC5929B2AD12B9F00842781 /* SceneDelegate.swift */; };
		5EC5929E2AD12B9F00842781 /* ViewController.swift in Sources */ = {isa = PBXBuildFile; fileRef = 5EC5929D2AD12B9F00842781 /* ViewController.swift */; };
		5EC592A12AD12B9F00842781 /* Main.storyboard in Resources */ = {isa = PBXBuildFile; fileRef = 5EC5929F2AD12B9F00842781 /* Main.storyboard */; };
		5EC592A32AD12BA100842781 /* Assets.xcassets in Resources */ = {isa = PBXBuildFile; fileRef = 5EC592A22AD12BA100842781 /* Assets.xcassets */; };
		5EC592A62AD12BA100842781 /* LaunchScreen.storyboard in Resources */ = {isa = PBXBuildFile; fileRef = 5EC592A42AD12BA100842781 /* LaunchScreen.storyboard */; };
		5EC592B52AD12C5100842781 /* CILabTests.swift in Sources */ = {isa = PBXBuildFile; fileRef = 5EC592B42AD12C5100842781 /* CILabTests.swift */; };
/* End PBXBuildFile section */

/* Begin PBXContainerItemProxy section */
		5EC592B62AD12C5100842781 /* PBXContainerItemProxy */ = {
			isa = PBXContainerItemProxy;
			containerPortal = 5EC5928E2AD12B9F00842781 /* Project object */;
			proxyType = 1;
			remoteGlobalIDString = 5EC592952AD12B9F00842781;
			remoteInfo = CILab;
		};
/* End PBXContainerItemProxy section */

/* Begin PBXFileReference section */
		5EC592962AD12B9F00842781 /* CILab.app */ = {isa = PBXFileReference; explicitFileType = wrapper.application; includeInIndex = 0; path = CILab.app; sourceTree = BUILT_PRODUCTS_DIR; };
		5EC592992AD12B9F00842781 /* AppDelegate.swift */ = {isa = PBXFileReference; lastKnownFileType = sourcecode.swift; path = AppDelegate.swift; sourceTree = "<group>"; };
		5EC5929B2AD12B9F00842781 /* SceneDelegate.swift */ = {isa = PBXFileReference; lastKnownFileType = sourcecode.swift; path = SceneDelegate.swift; sourceTree = "<group>"; };
		5EC5929D2AD12B9F00842781 /* ViewController.swift */ = {isa = PBXFileReference; lastKnownFileType = sourcecode.swift; path = ViewController.swift; sourceTree = "<group>"; };
		5EC592A02AD12B9F00842781 /* Base */ = {isa = PBXFileReference; lastKnownFileType = file.storyboard; name = Base; path = Base.lproj/Main.storyboard; sourceTree = "<group>"; };
		5EC592A22AD12BA100842781 /* Assets.xcassets */ = {isa = PBXFileReference; lastKnownFileType = folder.assetcatalog; path = Assets.xcassets; sourceTree = "<group>"; };
		5EC592A52AD12BA100842781 /* Base */ = {isa = PBXFileReference; lastKnownFileType = file.storyboard; name = Base; path = Base.lproj/LaunchScreen.storyboard; sourceTree = "<group>"; };
		5EC592A72AD12BA100842781 /* Info.plist */ = {isa = PBXFileReference; lastKnownFileType = text.plist.xml; path = Info.plist; sourceTree = "<group>"; };
		5EC592AD2AD12BBB00842781 /* CILabPackage */ = {isa = PBXFileReference; lastKnownFileType = wrapper; name = CILabPackage; path = ../CILabPackage; sourceTree = "<group>"; };
		5EC592B22AD12C5100842781 /* CILabTests.xctest */ = {isa = PBXFileReference; explicitFileType = wrapper.cfbundle; includeInIndex = 0; path = CILabTests.xctest; sourceTree = BUILT_PRODUCTS_DIR; };
		5EC592B42AD12C5100842781 /* CILabTests.swift */ = {isa = PBXFileReference; lastKnownFileType = sourcecode.swift; path = CILabTests.swift; sourceTree = "<group>"; };
/* End PBXFileReference section */

/* Begin PBXFrameworksBuildPhase section */
		5EC592932AD12B9F00842781 /* Frameworks */ = {
			isa = PBXFrameworksBuildPhase;
			buildActionMask = 2147483647;
			files = (
			);
			runOnlyForDeploymentPostprocessing = 0;
		};
		5EC592AF2AD12C5100842781 /* Frameworks */ = {
			isa = PBXFrameworksBuildPhase;
			buildActionMask = 2147483647;
			files = (
			);
			runOnlyForDeploymentPostprocessing = 0;
		};
/* End PBXFrameworksBuildPhase section */

/* Begin PBXGroup section */
		5EC5928D2AD12B9F00842781 = {
			isa = PBXGroup;
			children = (
				5EC592AD2AD12BBB00842781 /* CILabPackage */,
				5EC592982AD12B9F00842781 /* CILab */,
				5EC592B32AD12C5100842781 /* CILabTests */,
				5EC592972AD12B9F00842781 /* Products */,
			);
			sourceTree = "<group>";
		};
		5EC592972AD12B9F00842781 /* Products */ = {
			isa = PBXGroup;
			children = (
				5EC592962AD12B9F00842781 /* CILab.app */,
				5EC592B22AD12C5100842781 /* CILabTests.xctest */,
			);
			name = Products;
			sourceTree = "<group>";
		};
		5EC592982AD12B9F00842781 /* CILab */ = {
			isa = PBXGroup;
			children = (
				5EC592992AD12B9F00842781 /* AppDelegate.swift */,
				5EC5929B2AD12B9F00842781 /* SceneDelegate.swift */,
				5EC5929D2AD12B9F00842781 /* ViewController.swift */,
				5EC5929F2AD12B9F00842781 /* Main.storyboard */,
				5EC592A22AD12BA100842781 /* Assets.xcassets */,
				5EC592A42AD12BA100842781 /* LaunchScreen.storyboard */,
				5EC592A72AD12BA100842781 /* Info.plist */,
			);
			path = CILab;
			sourceTree = "<group>";
		};
		5EC592B32AD12C5100842781 /* CILabTests */ = {
			isa = PBXGroup;
			children = (
				5EC592B42AD12C5100842781 /* CILabTests.swift */,
			);
			path = CILabTests;
			sourceTree = "<group>";
		};
/* End PBXGroup section */

/* Begin PBXNativeTarget section */
		5EC592952AD12B9F00842781 /* CILab */ = {
			isa = PBXNativeTarget;
			buildConfigurationList = 5EC592AA2AD12BA100842781 /* Build configuration list for PBXNativeTarget "CILab" */;
			buildPhases = (
				5EC592922AD12B9F00842781 /* Sources */,
				5EC592932AD12B9F00842781 /* Frameworks */,
				5EC592942AD12B9F00842781 /* Resources */,
			);
			buildRules = (
			);
			dependencies = (
			);
			name = CILab;
			packageProductDependencies = (
			);
			productName = CILab;
			productReference = 5EC592962AD12B9F00842781 /* CILab.app */;
			productType = "com.apple.product-type.application";
		};
		5EC592B12AD12C5100842781 /* CILabTests */ = {
			isa = PBXNativeTarget;
			buildConfigurationList = 5EC592B82AD12C5100842781 /* Build configuration list for PBXNativeTarget "CILabTests" */;
			buildPhases = (
				5EC592AE2AD12C5100842781 /* Sources */,
				5EC592AF2AD12C5100842781 /* Frameworks */,
				5EC592B02AD12C5100842781 /* Resources */,
			);
			buildRules = (
			);
			dependencies = (
				5EC592B72AD12C5100842781 /* PBXTargetDependency */,
			);
			name = CILabTests;
			productName = CILabTests;
			productReference = 5EC592B22AD12C5100842781 /* CILabTests.xctest */;
			productType = "com.apple.product-type.bundle.unit-test";
		};
/* End PBXNativeTarget section */

/* Begin PBXProject section */
		5EC5928E2AD12B9F00842781 /* Project object */ = {
			isa = PBXProject;
			attributes = {
				BuildIndependentTargetsInParallel = 1;
				LastSwiftUpdateCheck = 1500;
				LastUpgradeCheck = 1500;
				TargetAttributes = {
					5EC592952AD12B9F00842781 = {
						CreatedOnToolsVersion = 15.0;
					};
					5EC592B12AD12C5100842781 = {
						CreatedOnToolsVersion = 15.0;
						TestTargetID = 5EC592952AD12B9F00842781;
					};
				};
			};
			buildConfigurationList = 5EC592912AD12B9F00842781 /* Build configuration list for PBXProject "CILab" */;
			compatibilityVersion = "Xcode 14.0";
			developmentRegion = en;
			hasScannedForEncodings = 0;
			knownRegions = (
				en,
				Base,
			);
			mainGroup = 5EC5928D2AD12B9F00842781;
			packageReferences = (
			);
			productRefGroup = 5EC592972AD12B9F00842781 /* Products */;
			projectDirPath = "";
			projectRoot = "";
			targets = (
				5EC592952AD12B9F00842781 /* CILab */,
				5EC592B12AD12C5100842781 /* CILabTests */,
			);
		};
/* End PBXProject section */

/* Begin PBXResourcesBuildPhase section */
		5EC592942AD12B9F00842781 /* Resources */ = {
			isa = PBXResourcesBuildPhase;
			buildActionMask = 2147483647;
			files = (
				5EC592A62AD12BA100842781 /* LaunchScreen.storyboard in Resources */,
				5EC592A32AD12BA100842781 /* Assets.xcassets in Resources */,
				5EC592A12AD12B9F00842781 /* Main.storyboard in Resources */,
			);
			runOnlyForDeploymentPostprocessing = 0;
		};
		5EC592B02AD12C5100842781 /* Resources */ = {
			isa = PBXResourcesBuildPhase;
			buildActionMask = 2147483647;
			files = (
			);
			runOnlyForDeploymentPostprocessing = 0;
		};
/* End PBXResourcesBuildPhase section */

/* Begin PBXSourcesBuildPhase section */
		5EC592922AD12B9F00842781 /* Sources */ = {
			isa = PBXSourcesBuildPhase;
			buildActionMask = 2147483647;
			files = (
				5EC5929E2AD12B9F00842781 /* ViewController.swift in Sources */,
				5EC5929A2AD12B9F00842781 /* AppDelegate.swift in Sources */,
				5EC5929C2AD12B9F00842781 /* SceneDelegate.swift in Sources */,
			);
			runOnlyForDeploymentPostprocessing = 0;
		};
		5EC592AE2AD12C5100842781 /* Sources */ = {
			isa = PBXSourcesBuildPhase;
			buildActionMask = 2147483647;
			files = (
				5EC592B52AD12C5100842781 /* CILabTests.swift in Sources */,
			);
			runOnlyForDeploymentPostprocessing = 0;
		};
/* End PBXSourcesBuildPhase section */

/* Begin PBXTargetDependency section */
		5EC592B72AD12C5100842781 /* PBXTargetDependency */ = {
			isa = PBXTargetDependency;
			target = 5EC592952AD12B9F00842781 /* CILab */;
			targetProxy = 5EC592B62AD12C5100842781 /* PBXContainerItemProxy */;
		};
/* End PBXTargetDependency section */

/* Begin PBXVariantGroup section */
		5EC5929F2AD12B9F00842781 /* Main.storyboard */ = {
			isa = PBXVariantGroup;
			children = (
				5EC592A02AD12B9F00842781 /* Base */,
			);
			name = Main.storyboard;
			sourceTree = "<group>";
		};
		5EC592A42AD12BA100842781 /* LaunchScreen.storyboard */ = {
			isa = PBXVariantGroup;
			children = (
				5EC592A52AD12BA100842781 /* Base */,
			);
			name = LaunchScreen.storyboard;
			sourceTree = "<group>";
		};
/* End PBXVariantGroup section */

/* Begin XCBuildConfiguration section */
		5EC592A82AD12BA100842781 /* Debug */ = {
			isa = XCBuildConfiguration;
			buildSettings = {
				ALWAYS_SEARCH_USER_PATHS = NO;
				ASSETCATALOG_COMPILER_GENERATE_SWIFT_ASSET_SYMBOL_EXTENSIONS = YES;
				CLANG_ANALYZER_NONNULL = YES;
				CLANG_ANALYZER_NUMBER_OBJECT_CONVERSION = YES_AGGRESSIVE;
				CLANG_CXX_LANGUAGE_STANDARD = "gnu++20";
				CLANG_ENABLE_MODULES = YES;
				CLANG_ENABLE_OBJC_ARC = YES;
				CLANG_ENABLE_OBJC_WEAK = YES;
				CLANG_WARN_BLOCK_CAPTURE_AUTORELEASING = YES;
				CLANG_WARN_BOOL_CONVERSION = YES;
				CLANG_WARN_COMMA = YES;
				CLANG_WARN_CONSTANT_CONVERSION = YES;
				CLANG_WARN_DEPRECATED_OBJC_IMPLEMENTATIONS = YES;
				CLANG_WARN_DIRECT_OBJC_ISA_USAGE = YES_ERROR;
				CLANG_WARN_DOCUMENTATION_COMMENTS = YES;
				CLANG_WARN_EMPTY_BODY = YES;
				CLANG_WARN_ENUM_CONVERSION = YES;
				CLANG_WARN_INFINITE_RECURSION = YES;
				CLANG_WARN_INT_CONVERSION = YES;
				CLANG_WARN_NON_LITERAL_NULL_CONVERSION = YES;
				CLANG_WARN_OBJC_IMPLICIT_RETAIN_SELF = YES;
				CLANG_WARN_OBJC_LITERAL_CONVERSION = YES;
				CLANG_WARN_OBJC_ROOT_CLASS = YES_ERROR;
				CLANG_WARN_QUOTED_INCLUDE_IN_FRAMEWORK_HEADER = YES;
				CLANG_WARN_RANGE_LOOP_ANALYSIS = YES;
				CLANG_WARN_STRICT_PROTOTYPES = YES;
				CLANG_WARN_SUSPICIOUS_MOVE = YES;
				CLANG_WARN_UNGUARDED_AVAILABILITY = YES_AGGRESSIVE;
				CLANG_WARN_UNREACHABLE_CODE = YES;
				CLANG_WARN__DUPLICATE_METHOD_MATCH = YES;
				COPY_PHASE_STRIP = NO;
				DEBUG_INFORMATION_FORMAT = dwarf;
				ENABLE_STRICT_OBJC_MSGSEND = YES;
				ENABLE_TESTABILITY = YES;
				ENABLE_USER_SCRIPT_SANDBOXING = YES;
				GCC_C_LANGUAGE_STANDARD = gnu17;
				GCC_DYNAMIC_NO_PIC = NO;
				GCC_NO_COMMON_BLOCKS = YES;
				GCC_OPTIMIZATION_LEVEL = 0;
				GCC_PREPROCESSOR_DEFINITIONS = (
					"DEBUG=1",
					"$(inherited)",
				);
				GCC_WARN_64_TO_32_BIT_CONVERSION = YES;
				GCC_WARN_ABOUT_RETURN_TYPE = YES_ERROR;
				GCC_WARN_UNDECLARED_SELECTOR = YES;
				GCC_WARN_UNINITIALIZED_AUTOS = YES_AGGRESSIVE;
				GCC_WARN_UNUSED_FUNCTION = YES;
				GCC_WARN_UNUSED_VARIABLE = YES;
				IPHONEOS_DEPLOYMENT_TARGET = 17.0;
				LOCALIZATION_PREFERS_STRING_CATALOGS = YES;
				MTL_ENABLE_DEBUG_INFO = INCLUDE_SOURCE;
				MTL_FAST_MATH = YES;
				ONLY_ACTIVE_ARCH = YES;
				SDKROOT = iphoneos;
				SWIFT_ACTIVE_COMPILATION_CONDITIONS = "DEBUG $(inherited)";
				SWIFT_OPTIMIZATION_LEVEL = "-Onone";
			};
			name = Debug;
		};
		5EC592A92AD12BA100842781 /* Release */ = {
			isa = XCBuildConfiguration;
			buildSettings = {
				ALWAYS_SEARCH_USER_PATHS = NO;
				ASSETCATALOG_COMPILER_GENERATE_SWIFT_ASSET_SYMBOL_EXTENSIONS = YES;
				CLANG_ANALYZER_NONNULL = YES;
				CLANG_ANALYZER_NUMBER_OBJECT_CONVERSION = YES_AGGRESSIVE;
				CLANG_CXX_LANGUAGE_STANDARD = "gnu++20";
				CLANG_ENABLE_MODULES = YES;
				CLANG_ENABLE_OBJC_ARC = YES;
				CLANG_ENABLE_OBJC_WEAK = YES;
				CLANG_WARN_BLOCK_CAPTURE_AUTORELEASING = YES;
				CLANG_WARN_BOOL_CONVERSION = YES;
				CLANG_WARN_COMMA = YES;
				CLANG_WARN_CONSTANT_CONVERSION = YES;
				CLANG_WARN_DEPRECATED_OBJC_IMPLEMENTATIONS = YES;
				CLANG_WARN_DIRECT_OBJC_ISA_USAGE = YES_ERROR;
				CLANG_WARN_DOCUMENTATION_COMMENTS = YES;
				CLANG_WARN_EMPTY_BODY = YES;
				CLANG_WARN_ENUM_CONVERSION = YES;
				CLANG_WARN_INFINITE_RECURSION = YES;
				CLANG_WARN_INT_CONVERSION = YES;
				CLANG_WARN_NON_LITERAL_NULL_CONVERSION = YES;
				CLANG_WARN_OBJC_IMPLICIT_RETAIN_SELF = YES;
				CLANG_WARN_OBJC_LITERAL_CONVERSION = YES;
				CLANG_WARN_OBJC_ROOT_CLASS = YES_ERROR;
				CLANG_WARN_QUOTED_INCLUDE_IN_FRAMEWORK_HEADER = YES;
				CLANG_WARN_RANGE_LOOP_ANALYSIS = YES;
				CLANG_WARN_STRICT_PROTOTYPES = YES;
				CLANG_WARN_SUSPICIOUS_MOVE = YES;
				CLANG_WARN_UNGUARDED_AVAILABILITY = YES_AGGRESSIVE;
				CLANG_WARN_UNREACHABLE_CODE = YES;
				CLANG_WARN__DUPLICATE_METHOD_MATCH = YES;
				COPY_PHASE_STRIP = NO;
				DEBUG_INFORMATION_FORMAT = "dwarf-with-dsym";
				ENABLE_NS_ASSERTIONS = NO;
				ENABLE_STRICT_OBJC_MSGSEND = YES;
				ENABLE_USER_SCRIPT_SANDBOXING = YES;
				GCC_C_LANGUAGE_STANDARD = gnu17;
				GCC_NO_COMMON_BLOCKS = YES;
				GCC_WARN_64_TO_32_BIT_CONVERSION = YES;
				GCC_WARN_ABOUT_RETURN_TYPE = YES_ERROR;
				GCC_WARN_UNDECLARED_SELECTOR = YES;
				GCC_WARN_UNINITIALIZED_AUTOS = YES_AGGRESSIVE;
				GCC_WARN_UNUSED_FUNCTION = YES;
				GCC_WARN_UNUSED_VARIABLE = YES;
				IPHONEOS_DEPLOYMENT_TARGET = 17.0;
				LOCALIZATION_PREFERS_STRING_CATALOGS = YES;
				MTL_ENABLE_DEBUG_INFO = NO;
				MTL_FAST_MATH = YES;
				SDKROOT = iphoneos;
				SWIFT_COMPILATION_MODE = wholemodule;
				VALIDATE_PRODUCT = YES;
			};
			name = Release;
		};
		5EC592AB2AD12BA100842781 /* Debug */ = {
			isa = XCBuildConfiguration;
			buildSettings = {
				ASSETCATALOG_COMPILER_APPICON_NAME = AppIcon;
				ASSETCATALOG_COMPILER_GLOBAL_ACCENT_COLOR_NAME = AccentColor;
				CODE_SIGN_STYLE = Automatic;
				CURRENT_PROJECT_VERSION = 1;
				DEVELOPMENT_TEAM = 7B3ZDQVLSW;
				GENERATE_INFOPLIST_FILE = YES;
				INFOPLIST_FILE = CILab/Info.plist;
				INFOPLIST_KEY_UIApplicationSupportsIndirectInputEvents = YES;
				INFOPLIST_KEY_UILaunchStoryboardName = LaunchScreen;
				INFOPLIST_KEY_UIMainStoryboardFile = Main;
				INFOPLIST_KEY_UISupportedInterfaceOrientations_iPad = "UIInterfaceOrientationPortrait UIInterfaceOrientationPortraitUpsideDown UIInterfaceOrientationLandscapeLeft UIInterfaceOrientationLandscapeRight";
				INFOPLIST_KEY_UISupportedInterfaceOrientations_iPhone = "UIInterfaceOrientationPortrait UIInterfaceOrientationLandscapeLeft UIInterfaceOrientationLandscapeRight";
				LD_RUNPATH_SEARCH_PATHS = (
					"$(inherited)",
					"@executable_path/Frameworks",
				);
				MARKETING_VERSION = 1.0;
				PRODUCT_BUNDLE_IDENTIFIER = com.cch0074.CILab;
				PRODUCT_NAME = "$(TARGET_NAME)";
				SWIFT_EMIT_LOC_STRINGS = YES;
				SWIFT_VERSION = 5.0;
				TARGETED_DEVICE_FAMILY = "1,2";
			};
			name = Debug;
		};
		5EC592AC2AD12BA100842781 /* Release */ = {
			isa = XCBuildConfiguration;
			buildSettings = {
				ASSETCATALOG_COMPILER_APPICON_NAME = AppIcon;
				ASSETCATALOG_COMPILER_GLOBAL_ACCENT_COLOR_NAME = AccentColor;
				CODE_SIGN_STYLE = Automatic;
				CURRENT_PROJECT_VERSION = 1;
				DEVELOPMENT_TEAM = 7B3ZDQVLSW;
				GENERATE_INFOPLIST_FILE = YES;
				INFOPLIST_FILE = CILab/Info.plist;
				INFOPLIST_KEY_UIApplicationSupportsIndirectInputEvents = YES;
				INFOPLIST_KEY_UILaunchStoryboardName = LaunchScreen;
				INFOPLIST_KEY_UIMainStoryboardFile = Main;
				INFOPLIST_KEY_UISupportedInterfaceOrientations_iPad = "UIInterfaceOrientationPortrait UIInterfaceOrientationPortraitUpsideDown UIInterfaceOrientationLandscapeLeft UIInterfaceOrientationLandscapeRight";
				INFOPLIST_KEY_UISupportedInterfaceOrientations_iPhone = "UIInterfaceOrientationPortrait UIInterfaceOrientationLandscapeLeft UIInterfaceOrientationLandscapeRight";
				LD_RUNPATH_SEARCH_PATHS = (
					"$(inherited)",
					"@executable_path/Frameworks",
				);
				MARKETING_VERSION = 1.0;
				PRODUCT_BUNDLE_IDENTIFIER = com.cch0074.CILab;
				PRODUCT_NAME = "$(TARGET_NAME)";
				SWIFT_EMIT_LOC_STRINGS = YES;
				SWIFT_VERSION = 5.0;
				TARGETED_DEVICE_FAMILY = "1,2";
			};
			name = Release;
		};
		5EC592B92AD12C5100842781 /* Debug */ = {
			isa = XCBuildConfiguration;
			buildSettings = {
				BUNDLE_LOADER = "$(TEST_HOST)";
				CODE_SIGN_STYLE = Automatic;
				CURRENT_PROJECT_VERSION = 1;
				DEVELOPMENT_TEAM = 7B3ZDQVLSW;
				GENERATE_INFOPLIST_FILE = YES;
				MARKETING_VERSION = 1.0;
				PRODUCT_BUNDLE_IDENTIFIER = com.cch0074.CILabTests;
				PRODUCT_NAME = "$(TARGET_NAME)";
				SWIFT_EMIT_LOC_STRINGS = NO;
				SWIFT_VERSION = 5.0;
				TARGETED_DEVICE_FAMILY = "1,2";
				TEST_HOST = "$(BUILT_PRODUCTS_DIR)/CILab.app/$(BUNDLE_EXECUTABLE_FOLDER_PATH)/CILab";
			};
			name = Debug;
		};
		5EC592BA2AD12C5100842781 /* Release */ = {
			isa = XCBuildConfiguration;
			buildSettings = {
				BUNDLE_LOADER = "$(TEST_HOST)";
				CODE_SIGN_STYLE = Automatic;
				CURRENT_PROJECT_VERSION = 1;
				DEVELOPMENT_TEAM = 7B3ZDQVLSW;
				GENERATE_INFOPLIST_FILE = YES;
				MARKETING_VERSION = 1.0;
				PRODUCT_BUNDLE_IDENTIFIER = com.cch0074.CILabTests;
				PRODUCT_NAME = "$(TARGET_NAME)";
				SWIFT_EMIT_LOC_STRINGS = NO;
				SWIFT_VERSION = 5.0;
				TARGETED_DEVICE_FAMILY = "1,2";
				TEST_HOST = "$(BUILT_PRODUCTS_DIR)/CILab.app/$(BUNDLE_EXECUTABLE_FOLDER_PATH)/CILab";
			};
			name = Release;
		};
/* End XCBuildConfiguration section */

/* Begin XCConfigurationList section */
		5EC592912AD12B9F00842781 /* Build configuration list for PBXProject "CILab" */ = {
			isa = XCConfigurationList;
			buildConfigurations = (
				5EC592A82AD12BA100842781 /* Debug */,
				5EC592A92AD12BA100842781 /* Release */,
			);
			defaultConfigurationIsVisible = 0;
			defaultConfigurationName = Release;
		};
		5EC592AA2AD12BA100842781 /* Build configuration list for PBXNativeTarget "CILab" */ = {
			isa = XCConfigurationList;
			buildConfigurations = (
				5EC592AB2AD12BA100842781 /* Debug */,
				5EC592AC2AD12BA100842781 /* Release */,
			);
			defaultConfigurationIsVisible = 0;
			defaultConfigurationName = Release;
		};
		5EC592B82AD12C5100842781 /* Build configuration list for PBXNativeTarget "CILabTests" */ = {
			isa = XCConfigurationList;
			buildConfigurations = (
				5EC592B92AD12C5100842781 /* Debug */,
				5EC592BA2AD12C5100842781 /* Release */,
			);
			defaultConfigurationIsVisible = 0;
			defaultConfigurationName = Release;
		};
/* End XCConfigurationList section */
	};
	rootObject = 5EC5928E2AD12B9F00842781 /* Project object */;
}
